// !$*UTF8*$!
{
	archiveVersion = 1;
	classes = {
	};
	objectVersion = 46;
	objects = {

/* Begin PBXBuildFile section */
		3645CCFE1AE0ACFB008DC8E2 /* main.m in Sources */ = {isa = PBXBuildFile; fileRef = 3645CCFD1AE0ACFB008DC8E2 /* main.m */; };
/* End PBXBuildFile section */

/* Begin PBXCopyFilesBuildPhase section */
		3645CCF81AE0ACFB008DC8E2 /* CopyFiles */ = {
			isa = PBXCopyFilesBuildPhase;
			buildActionMask = 2147483647;
			dstPath = /usr/share/man/man1/;
			dstSubfolderSpec = 0;
			files = (
			);
			runOnlyForDeploymentPostprocessing = 1;
		};
/* End PBXCopyFilesBuildPhase section */

/* Begin PBXFileReference section */
		3645CCFA1AE0ACFB008DC8E2 /* Bubble_sort */ = {isa = PBXFileReference; explicitFileType = "compiled.mach-o.executable"; includeInIndex = 0; path = Bubble_sort; sourceTree = BUILT_PRODUCTS_DIR; };
		3645CCFD1AE0ACFB008DC8E2 /* main.m */ = {isa = PBXFileReference; lastKnownFileType = sourcecode.c.objc; path = main.m; sourceTree = "<group>"; };
/* End PBXFileReference section */

/* Begin PBXFrameworksBuildPhase section */
		3645CCF71AE0ACFB008DC8E2 /* Frameworks */ = {
			isa = PBXFrameworksBuildPhase;
			buildActionMask = 2147483647;
			files = (
			);
			runOnlyForDeploymentPostprocessing = 0;
		};
/* End PBXFrameworksBuildPhase section */

/* Begin PBXGroup section */
		3645CCF11AE0ACFB008DC8E2 = {
			isa = PBXGroup;
			children = (
				3645CCFC1AE0ACFB008DC8E2 /* Bubble_sort */,
				3645CCFB1AE0ACFB008DC8E2 /* Products */,
			);
			sourceTree = "<group>";
		};
		3645CCFB1AE0ACFB008DC8E2 /* Products */ = {
			isa = PBXGroup;
			children = (
				3645CCFA1AE0ACFB008DC8E2 /* Bubble_sort */,
			);
			name = Products;
			sourceTree = "<group>";
		};
		3645CCFC1AE0ACFB008DC8E2 /* Bubble_sort */ = {
			isa = PBXGroup;
			children = (
				3645CCFD1AE0ACFB008DC8E2 /* main.m */,
			);
			path = Bubble_sort;
			sourceTree = "<group>";
		};
/* End PBXGroup section */

/* Begin PBXNativeTarget section */
		3645CCF91AE0ACFB008DC8E2 /* Bubble_sort */ = {
			isa = PBXNativeTarget;
			buildConfigurationList = 3645CD011AE0ACFB008DC8E2 /* Build configuration list for PBXNativeTarget "Bubble_sort" */;
			buildPhases = (
				3645CCF61AE0ACFB008DC8E2 /* Sources */,
				3645CCF71AE0ACFB008DC8E2 /* Frameworks */,
				3645CCF81AE0ACFB008DC8E2 /* CopyFiles */,
			);
			buildRules = (
			);
			dependencies = (
			);
			name = Bubble_sort;
			productName = Bubble_sort;
			productReference = 3645CCFA1AE0ACFB008DC8E2 /* Bubble_sort */;
			productType = "com.apple.product-type.tool";
		};
/* End PBXNativeTarget section */

/* Begin PBXProject section */
		3645CCF21AE0ACFB008DC8E2 /* Project object */ = {
			isa = PBXProject;
			attributes = {
				LastUpgradeCheck = 0610;
				ORGANIZATIONNAME = yutao;
				TargetAttributes = {
					3645CCF91AE0ACFB008DC8E2 = {
						CreatedOnToolsVersion = 6.1.1;
					};
				};
			};
			buildConfigurationList = 3645CCF51AE0ACFB008DC8E2 /* Build configuration list for PBXProject "Bubble_sort" */;
			compatibilityVersion = "Xcode 3.2";
			developmentRegion = English;
			hasScannedForEncodings = 0;
			knownRegions = (
				en,
			);
			mainGroup = 3645CCF11AE0ACFB008DC8E2;
			productRefGroup = 3645CCFB1AE0ACFB008DC8E2 /* Products */;
			projectDirPath = "";
			projectRoot = "";
			targets = (
				3645CCF91AE0ACFB008DC8E2 /* Bubble_sort */,
			);
		};
/* End PBXProject section */

/* Begin PBXSourcesBuildPhase section */
		3645CCF61AE0ACFB008DC8E2 /* Sources */ = {
			isa = PBXSourcesBuildPhase;
			buildActionMask = 2147483647;
			files = (
				3645CCFE1AE0ACFB008DC8E2 /* main.m in Sources */,
			);
			runOnlyForDeploymentPostprocessing = 0;
		};
/* End PBXSourcesBuildPhase section */

/* Begin XCBuildConfiguration section */
		3645CCFF1AE0ACFB008DC8E2 /* Debug */ = {
			isa = XCBuildConfiguration;
			buildSettings = {
				ALWAYS_SEARCH_USER_PATHS = NO;
				CLANG_CXX_LANGUAGE_STANDARD = "gnu++0x";
				CLANG_CXX_LIBRARY = "libc++";
				CLANG_ENABLE_MODULES = YES;
				CLANG_ENABLE_OBJC_ARC = YES;
				CLANG_WARN_BOOL_CONVERSION = YES;
				CLANG_WARN_CONSTANT_CONVERSION = YES;
				CLANG_WARN_DIRECT_OBJC_ISA_USAGE = YES_ERROR;
				CLANG_WARN_EMPTY_BODY = YES;
				CLANG_WARN_ENUM_CONVERSION = YES;
				CLANG_WARN_INT_CONVERSION = YES;
				CLANG_WARN_OBJC_ROOT_CLASS = YES_ERROR;
				CLANG_WARN_UNREACHABLE_CODE = YES;
				CLANG_WARN__DUPLICATE_METHOD_MATCH = YES;
				COPY_PHASE_STRIP = NO;
				ENABLE_STRICT_OBJC_MSGSEND = YES;
				GCC_C_LANGUAGE_STANDARD = gnu99;
				GCC_DYNAMIC_NO_PIC = NO;
				GCC_OPTIMIZATION_LEVEL = 0;
				GCC_PREPROCESSOR_DEFINITIONS = (
					"DEBUG=1",
					"$(inherited)",
				);
				GCC_SYMBOLS_PRIVATE_EXTERN = NO;
				GCC_WARN_64_TO_32_BIT_CONVERSION = YES;
				GCC_WARN_ABOUT_RETURN_TYPE = YES_ERROR;
				GCC_WARN_UNDECLARED_SELECTOR = YES;
				GCC_WARN_UNINITIALIZED_AUTOS = YES_AGGRESSIVE;
				GCC_WARN_UNUSED_FUNCTION = YES;
				GCC_WARN_UNUSED_VARIABLE = YES;
				MACOSX_DEPLOYMENT_TARGET = 10.9;
				MTL_ENABLE_DEBUG_INFO = YES;
				ONLY_ACTIVE_ARCH = YES;
				SDKROOT = macosx;
			};
			name = Debug;
		};
		3645CD001AE0ACFB008DC8E2 /* Release */ = {
			isa = XCBuildConfiguration;
			buildSettings = {
				ALWAYS_SEARCH_USER_PATHS = NO;
				CLANG_CXX_LANGUAGE_STANDARD = "gnu++0x";
				CLANG_CXX_LIBRARY = "libc++";
				CLANG_ENABLE_MODULES = YES;
				CLANG_ENABLE_OBJC_ARC = YES;
				CLANG_WARN_BOOL_CONVERSION = YES;
				CLANG_WARN_CONSTANT_CONVERSION = YES;
				CLANG_WARN_DIRECT_OBJC_ISA_USAGE = YES_ERROR;
				CLANG_WARN_EMPTY_BODY = YES;
				CLANG_WARN_ENUM_CONVERSION = YES;
				CLANG_WARN_INT_CONVERSION = YES;
				CLANG_WARN_OBJC_ROOT_CLASS = YES_ERROR;
				CLANG_WARN_UNREACHABLE_CODE = YES;
				CLANG_WARN__DUPLICATE_METHOD_MATCH = YES;
				COPY_PHASE_STRIP = YES;
				DEBUG_INFORMATION_FORMAT = "dwarf-with-dsym";
				ENABLE_NS_ASSERTIONS = NO;
				ENABLE_STRICT_OBJC_MSGSEND = YES;
				GCC_C_LANGUAGE_STANDARD = gnu99;
				GCC_WARN_64_TO_32_BIT_CONVERSION = YES;
				GCC_WARN_ABOUT_RETURN_TYPE = YES_ERROR;
				GCC_WARN_UNDECLARED_SELECTOR = YES;
				GCC_WARN_UNINITIALIZED_AUTOS = YES_AGGRESSIVE;
				GCC_WARN_UNUSED_FUNCTION = YES;
				GCC_WARN_UNUSED_VARIABLE = YES;
				MACOSX_DEPLOYMENT_TARGET = 10.9;
				MTL_ENABLE_DEBUG_INFO = NO;
				SDKROOT = macosx;
			};
			name = Release;
		};
		3645CD021AE0ACFB008DC8E2 /* Debug */ = {
			isa = XCBuildConfiguration;
			buildSettings = {
				PRODUCT_NAME = "$(TARGET_NAME)";
			};
			name = Debug;
		};
		3645CD031AE0ACFB008DC8E2 /* Release */ = {
			isa = XCBuildConfiguration;
			buildSettings = {
				PRODUCT_NAME = "$(TARGET_NAME)";
			};
			name = Release;
		};
/* End XCBuildConfiguration section */

/* Begin XCConfigurationList section */
		3645CCF51AE0ACFB008DC8E2 /* Build configuration list for PBXProject "Bubble_sort" */ = {
			isa = XCConfigurationList;
			buildConfigurations = (
				3645CCFF1AE0ACFB008DC8E2 /* Debug */,
				3645CD001AE0ACFB008DC8E2 /* Release */,
			);
			defaultConfigurationIsVisible = 0;
			defaultConfigurationName = Release;
		};
		3645CD011AE0ACFB008DC8E2 /* Build configuration list for PBXNativeTarget "Bubble_sort" */ = {
			isa = XCConfigurationList;
			buildConfigurations = (
				3645CD021AE0ACFB008DC8E2 /* Debug */,
				3645CD031AE0ACFB008DC8E2 /* Release */,
			);
			defaultConfigurationIsVisible = 0;
		};
/* End XCConfigurationList section */
	};
	rootObject = 3645CCF21AE0ACFB008DC8E2 /* Project object */;
}
